// !$*UTF8*$!
{
	archiveVersion = 1;
	classes = {
	};
	objectVersion = 46;
	objects = {

/* Begin PBXBuildFile section */
		16359E311EB8F8E40030592D /* ImagesCollectionCell.swift in Sources */ = {isa = PBXBuildFile; fileRef = 16359E301EB8F8E40030592D /* ImagesCollectionCell.swift */; };
		16359E451EB9330F0030592D /* CameraViewController.swift in Sources */ = {isa = PBXBuildFile; fileRef = 16359E441EB9330F0030592D /* CameraViewController.swift */; };
		16359E4B1EB9369F0030592D /* HomeViewController.swift in Sources */ = {isa = PBXBuildFile; fileRef = 16359E4A1EB9369F0030592D /* HomeViewController.swift */; };
		16359E671EB93B160030592D /* Images.swift in Sources */ = {isa = PBXBuildFile; fileRef = 16359E661EB93B160030592D /* Images.swift */; };
		16359E691EB93E4A0030592D /* EditImageController.swift in Sources */ = {isa = PBXBuildFile; fileRef = 16359E681EB93E4A0030592D /* EditImageController.swift */; };
		16359E6B1EB93F2D0030592D /* FilterCellController.swift in Sources */ = {isa = PBXBuildFile; fileRef = 16359E6A1EB93F2D0030592D /* FilterCellController.swift */; };
		16359E6F1EB945CD0030592D /* Filters.swift in Sources */ = {isa = PBXBuildFile; fileRef = 16359E6E1EB945CD0030592D /* Filters.swift */; };
		16359E731EB94FF50030592D /* AdsViewController.swift in Sources */ = {isa = PBXBuildFile; fileRef = 16359E721EB94FF50030592D /* AdsViewController.swift */; };
		16359E771EB953870030592D /* FilteredImage.swift in Sources */ = {isa = PBXBuildFile; fileRef = 16359E761EB953870030592D /* FilteredImage.swift */; };
		16359E791EB957050030592D /* AdCellController.swift in Sources */ = {isa = PBXBuildFile; fileRef = 16359E781EB957050030592D /* AdCellController.swift */; };
		168E0B0B1EB5BE0700A5982A /* AppDelegate.swift in Sources */ = {isa = PBXBuildFile; fileRef = 168E0B0A1EB5BE0700A5982A /* AppDelegate.swift */; };
		168E0B101EB5BE0800A5982A /* Main.storyboard in Resources */ = {isa = PBXBuildFile; fileRef = 168E0B0E1EB5BE0800A5982A /* Main.storyboard */; };
		168E0B121EB5BE0800A5982A /* Assets.xcassets in Resources */ = {isa = PBXBuildFile; fileRef = 168E0B111EB5BE0800A5982A /* Assets.xcassets */; };
		168E0B151EB5BE0800A5982A /* LaunchScreen.storyboard in Resources */ = {isa = PBXBuildFile; fileRef = 168E0B131EB5BE0800A5982A /* LaunchScreen.storyboard */; };
/* End PBXBuildFile section */

/* Begin PBXFileReference section */
		16359E301EB8F8E40030592D /* ImagesCollectionCell.swift */ = {isa = PBXFileReference; fileEncoding = 4; lastKnownFileType = sourcecode.swift; name = ImagesCollectionCell.swift; path = ../ImagesCollectionCell.swift; sourceTree = "<group>"; };
		16359E441EB9330F0030592D /* CameraViewController.swift */ = {isa = PBXFileReference; fileEncoding = 4; lastKnownFileType = sourcecode.swift; path = CameraViewController.swift; sourceTree = "<group>"; };
		16359E4A1EB9369F0030592D /* HomeViewController.swift */ = {isa = PBXFileReference; fileEncoding = 4; lastKnownFileType = sourcecode.swift; name = HomeViewController.swift; path = ../HomeViewController.swift; sourceTree = "<group>"; };
		16359E661EB93B160030592D /* Images.swift */ = {isa = PBXFileReference; fileEncoding = 4; lastKnownFileType = sourcecode.swift; path = Images.swift; sourceTree = "<group>"; };
		16359E681EB93E4A0030592D /* EditImageController.swift */ = {isa = PBXFileReference; fileEncoding = 4; lastKnownFileType = sourcecode.swift; path = EditImageController.swift; sourceTree = "<group>"; };
		16359E6A1EB93F2D0030592D /* FilterCellController.swift */ = {isa = PBXFileReference; fileEncoding = 4; lastKnownFileType = sourcecode.swift; path = FilterCellController.swift; sourceTree = "<group>"; };
		16359E6E1EB945CD0030592D /* Filters.swift */ = {isa = PBXFileReference; fileEncoding = 4; lastKnownFileType = sourcecode.swift; path = Filters.swift; sourceTree = "<group>"; };
		16359E721EB94FF50030592D /* AdsViewController.swift */ = {isa = PBXFileReference; fileEncoding = 4; lastKnownFileType = sourcecode.swift; path = AdsViewController.swift; sourceTree = "<group>"; };
		16359E761EB953870030592D /* FilteredImage.swift */ = {isa = PBXFileReference; fileEncoding = 4; lastKnownFileType = sourcecode.swift; name = FilteredImage.swift; path = ../FilteredImage.swift; sourceTree = "<group>"; };
		16359E781EB957050030592D /* AdCellController.swift */ = {isa = PBXFileReference; fileEncoding = 4; lastKnownFileType = sourcecode.swift; path = AdCellController.swift; sourceTree = "<group>"; };
		168E0B071EB5BE0700A5982A /* ClickMore.app */ = {isa = PBXFileReference; explicitFileType = wrapper.application; includeInIndex = 0; path = ClickMore.app; sourceTree = BUILT_PRODUCTS_DIR; };
		168E0B0A1EB5BE0700A5982A /* AppDelegate.swift */ = {isa = PBXFileReference; lastKnownFileType = sourcecode.swift; path = AppDelegate.swift; sourceTree = "<group>"; };
		168E0B0F1EB5BE0800A5982A /* Base */ = {isa = PBXFileReference; lastKnownFileType = file.storyboard; name = Base; path = Base.lproj/Main.storyboard; sourceTree = "<group>"; };
		168E0B111EB5BE0800A5982A /* Assets.xcassets */ = {isa = PBXFileReference; lastKnownFileType = folder.assetcatalog; path = Assets.xcassets; sourceTree = "<group>"; };
		168E0B141EB5BE0800A5982A /* Base */ = {isa = PBXFileReference; lastKnownFileType = file.storyboard; name = Base; path = Base.lproj/LaunchScreen.storyboard; sourceTree = "<group>"; };
		168E0B161EB5BE0800A5982A /* Info.plist */ = {isa = PBXFileReference; lastKnownFileType = text.plist.xml; path = Info.plist; sourceTree = "<group>"; };
/* End PBXFileReference section */

/* Begin PBXFrameworksBuildPhase section */
		168E0B041EB5BE0700A5982A /* Frameworks */ = {
			isa = PBXFrameworksBuildPhase;
			buildActionMask = 2147483647;
			files = (
			);
			runOnlyForDeploymentPostprocessing = 0;
		};
/* End PBXFrameworksBuildPhase section */

/* Begin PBXGroup section */
		168E0AFE1EB5BE0700A5982A = {
			isa = PBXGroup;
			children = (
				168E0B091EB5BE0700A5982A /* ClickMore */,
				168E0B081EB5BE0700A5982A /* Products */,
			);
			sourceTree = "<group>";
		};
		168E0B081EB5BE0700A5982A /* Products */ = {
			isa = PBXGroup;
			children = (
				168E0B071EB5BE0700A5982A /* ClickMore.app */,
			);
			name = Products;
			sourceTree = "<group>";
		};
		168E0B091EB5BE0700A5982A /* ClickMore */ = {
			isa = PBXGroup;
			children = (
				168E0B0A1EB5BE0700A5982A /* AppDelegate.swift */,
				16359E661EB93B160030592D /* Images.swift */,
				16359E6E1EB945CD0030592D /* Filters.swift */,
				16359E761EB953870030592D /* FilteredImage.swift */,
				16359E4A1EB9369F0030592D /* HomeViewController.swift */,
				16359E301EB8F8E40030592D /* ImagesCollectionCell.swift */,
				16359E681EB93E4A0030592D /* EditImageController.swift */,
				16359E6A1EB93F2D0030592D /* FilterCellController.swift */,
				16359E721EB94FF50030592D /* AdsViewController.swift */,
				16359E781EB957050030592D /* AdCellController.swift */,
				16359E441EB9330F0030592D /* CameraViewController.swift */,
				168E0B0E1EB5BE0800A5982A /* Main.storyboard */,
				168E0B111EB5BE0800A5982A /* Assets.xcassets */,
				168E0B131EB5BE0800A5982A /* LaunchScreen.storyboard */,
				168E0B161EB5BE0800A5982A /* Info.plist */,
			);
			path = ClickMore;
			sourceTree = "<group>";
		};
/* End PBXGroup section */

/* Begin PBXNativeTarget section */
		168E0B061EB5BE0700A5982A /* ClickMore */ = {
			isa = PBXNativeTarget;
			buildConfigurationList = 168E0B191EB5BE0800A5982A /* Build configuration list for PBXNativeTarget "ClickMore" */;
			buildPhases = (
				168E0B031EB5BE0700A5982A /* Sources */,
				168E0B041EB5BE0700A5982A /* Frameworks */,
				168E0B051EB5BE0700A5982A /* Resources */,
			);
			buildRules = (
			);
			dependencies = (
			);
			name = ClickMore;
			productName = ClickMore;
			productReference = 168E0B071EB5BE0700A5982A /* ClickMore.app */;
			productType = "com.apple.product-type.application";
		};
/* End PBXNativeTarget section */

/* Begin PBXProject section */
		168E0AFF1EB5BE0700A5982A /* Project object */ = {
			isa = PBXProject;
			attributes = {
				LastSwiftUpdateCheck = 0830;
				LastUpgradeCheck = 0830;
				ORGANIZATIONNAME = "Pransu Dash";
				TargetAttributes = {
					168E0B061EB5BE0700A5982A = {
						CreatedOnToolsVersion = 8.3.2;
						ProvisioningStyle = Automatic;
					};
				};
			};
			buildConfigurationList = 168E0B021EB5BE0700A5982A /* Build configuration list for PBXProject "ClickMore" */;
			compatibilityVersion = "Xcode 3.2";
			developmentRegion = English;
			hasScannedForEncodings = 0;
			knownRegions = (
				en,
				Base,
			);
			mainGroup = 168E0AFE1EB5BE0700A5982A;
			productRefGroup = 168E0B081EB5BE0700A5982A /* Products */;
			projectDirPath = "";
			projectRoot = "";
			targets = (
				168E0B061EB5BE0700A5982A /* ClickMore */,
			);
		};
/* End PBXProject section */

/* Begin PBXResourcesBuildPhase section */
		168E0B051EB5BE0700A5982A /* Resources */ = {
			isa = PBXResourcesBuildPhase;
			buildActionMask = 2147483647;
			files = (
				168E0B151EB5BE0800A5982A /* LaunchScreen.storyboard in Resources */,
				168E0B121EB5BE0800A5982A /* Assets.xcassets in Resources */,
				168E0B101EB5BE0800A5982A /* Main.storyboard in Resources */,
			);
			runOnlyForDeploymentPostprocessing = 0;
		};
/* End PBXResourcesBuildPhase section */

/* Begin PBXSourcesBuildPhase section */
		168E0B031EB5BE0700A5982A /* Sources */ = {
			isa = PBXSourcesBuildPhase;
			buildActionMask = 2147483647;
			files = (
				16359E4B1EB9369F0030592D /* HomeViewController.swift in Sources */,
				16359E671EB93B160030592D /* Images.swift in Sources */,
				16359E691EB93E4A0030592D /* EditImageController.swift in Sources */,
				16359E791EB957050030592D /* AdCellController.swift in Sources */,
				16359E451EB9330F0030592D /* CameraViewController.swift in Sources */,
				16359E311EB8F8E40030592D /* ImagesCollectionCell.swift in Sources */,
				168E0B0B1EB5BE0700A5982A /* AppDelegate.swift in Sources */,
				16359E6F1EB945CD0030592D /* Filters.swift in Sources */,
				16359E731EB94FF50030592D /* AdsViewController.swift in Sources */,
				16359E771EB953870030592D /* FilteredImage.swift in Sources */,
				16359E6B1EB93F2D0030592D /* FilterCellController.swift in Sources */,
			);
			runOnlyForDeploymentPostprocessing = 0;
		};
/* End PBXSourcesBuildPhase section */

/* Begin PBXVariantGroup section */
		168E0B0E1EB5BE0800A5982A /* Main.storyboard */ = {
			isa = PBXVariantGroup;
			children = (
				168E0B0F1EB5BE0800A5982A /* Base */,
			);
			name = Main.storyboard;
			sourceTree = "<group>";
		};
		168E0B131EB5BE0800A5982A /* LaunchScreen.storyboard */ = {
			isa = PBXVariantGroup;
			children = (
				168E0B141EB5BE0800A5982A /* Base */,
			);
			name = LaunchScreen.storyboard;
			sourceTree = "<group>";
		};
/* End PBXVariantGroup section */

/* Begin XCBuildConfiguration section */
		168E0B171EB5BE0800A5982A /* Debug */ = {
			isa = XCBuildConfiguration;
			buildSettings = {
				ALWAYS_SEARCH_USER_PATHS = NO;
				CLANG_ANALYZER_NONNULL = YES;
				CLANG_ANALYZER_NUMBER_OBJECT_CONVERSION = YES_AGGRESSIVE;
				CLANG_CXX_LANGUAGE_STANDARD = "gnu++0x";
				CLANG_CXX_LIBRARY = "libc++";
				CLANG_ENABLE_MODULES = YES;
				CLANG_ENABLE_OBJC_ARC = YES;
				CLANG_WARN_BOOL_CONVERSION = YES;
				CLANG_WARN_CONSTANT_CONVERSION = YES;
				CLANG_WARN_DIRECT_OBJC_ISA_USAGE = YES_ERROR;
				CLANG_WARN_DOCUMENTATION_COMMENTS = YES;
				CLANG_WARN_EMPTY_BODY = YES;
				CLANG_WARN_ENUM_CONVERSION = YES;
				CLANG_WARN_INFINITE_RECURSION = YES;
				CLANG_WARN_INT_CONVERSION = YES;
				CLANG_WARN_OBJC_ROOT_CLASS = YES_ERROR;
				CLANG_WARN_SUSPICIOUS_MOVE = YES;
				CLANG_WARN_UNREACHABLE_CODE = YES;
				CLANG_WARN__DUPLICATE_METHOD_MATCH = YES;
				"CODE_SIGN_IDENTITY[sdk=iphoneos*]" = "iPhone Developer";
				COPY_PHASE_STRIP = NO;
				DEBUG_INFORMATION_FORMAT = dwarf;
				ENABLE_STRICT_OBJC_MSGSEND = YES;
				ENABLE_TESTABILITY = YES;
				GCC_C_LANGUAGE_STANDARD = gnu99;
				GCC_DYNAMIC_NO_PIC = NO;
				GCC_NO_COMMON_BLOCKS = YES;
				GCC_OPTIMIZATION_LEVEL = 0;
				GCC_PREPROCESSOR_DEFINITIONS = (
					"DEBUG=1",
					"$(inherited)",
				);
				GCC_WARN_64_TO_32_BIT_CONVERSION = YES;
				GCC_WARN_ABOUT_RETURN_TYPE = YES_ERROR;
				GCC_WARN_UNDECLARED_SELECTOR = YES;
				GCC_WARN_UNINITIALIZED_AUTOS = YES_AGGRESSIVE;
				GCC_WARN_UNUSED_FUNCTION = YES;
				GCC_WARN_UNUSED_VARIABLE = YES;
				IPHONEOS_DEPLOYMENT_TARGET = 10.3;
				MTL_ENABLE_DEBUG_INFO = YES;
				ONLY_ACTIVE_ARCH = YES;
				SDKROOT = iphoneos;
				SWIFT_ACTIVE_COMPILATION_CONDITIONS = DEBUG;
				SWIFT_OPTIMIZATION_LEVEL = "-Onone";
				TARGETED_DEVICE_FAMILY = "1,2";
			};
			name = Debug;
		};
		168E0B181EB5BE0800A5982A /* Release */ = {
			isa = XCBuildConfiguration;
			buildSettings = {
				ALWAYS_SEARCH_USER_PATHS = NO;
				CLANG_ANALYZER_NONNULL = YES;
				CLANG_ANALYZER_NUMBER_OBJECT_CONVERSION = YES_AGGRESSIVE;
				CLANG_CXX_LANGUAGE_STANDARD = "gnu++0x";
				CLANG_CXX_LIBRARY = "libc++";
				CLANG_ENABLE_MODULES = YES;
				CLANG_ENABLE_OBJC_ARC = YES;
				CLANG_WARN_BOOL_CONVERSION = YES;
				CLANG_WARN_CONSTANT_CONVERSION = YES;
				CLANG_WARN_DIRECT_OBJC_ISA_USAGE = YES_ERROR;
				CLANG_WARN_DOCUMENTATION_COMMENTS = YES;
				CLANG_WARN_EMPTY_BODY = YES;
				CLANG_WARN_ENUM_CONVERSION = YES;
				CLANG_WARN_INFINITE_RECURSION = YES;
				CLANG_WARN_INT_CONVERSION = YES;
				CLANG_WARN_OBJC_ROOT_CLASS = YES_ERROR;
				CLANG_WARN_SUSPICIOUS_MOVE = YES;
				CLANG_WARN_UNREACHABLE_CODE = YES;
				CLANG_WARN__DUPLICATE_METHOD_MATCH = YES;
				"CODE_SIGN_IDENTITY[sdk=iphoneos*]" = "iPhone Developer";
				COPY_PHASE_STRIP = NO;
				DEBUG_INFORMATION_FORMAT = "dwarf-with-dsym";
				ENABLE_NS_ASSERTIONS = NO;
				ENABLE_STRICT_OBJC_MSGSEND = YES;
				GCC_C_LANGUAGE_STANDARD = gnu99;
				GCC_NO_COMMON_BLOCKS = YES;
				GCC_WARN_64_TO_32_BIT_CONVERSION = YES;
				GCC_WARN_ABOUT_RETURN_TYPE = YES_ERROR;
				GCC_WARN_UNDECLARED_SELECTOR = YES;
				GCC_WARN_UNINITIALIZED_AUTOS = YES_AGGRESSIVE;
				GCC_WARN_UNUSED_FUNCTION = YES;
				GCC_WARN_UNUSED_VARIABLE = YES;
				IPHONEOS_DEPLOYMENT_TARGET = 10.3;
				MTL_ENABLE_DEBUG_INFO = NO;
				SDKROOT = iphoneos;
				SWIFT_OPTIMIZATION_LEVEL = "-Owholemodule";
				TARGETED_DEVICE_FAMILY = "1,2";
				VALIDATE_PRODUCT = YES;
			};
			name = Release;
		};
		168E0B1A1EB5BE0800A5982A /* Debug */ = {
			isa = XCBuildConfiguration;
			buildSettings = {
				ASSETCATALOG_COMPILER_APPICON_NAME = AppIcon;
				INFOPLIST_FILE = ClickMore/Info.plist;
				LD_RUNPATH_SEARCH_PATHS = "$(inherited) @executable_path/Frameworks";
				PRODUCT_BUNDLE_IDENTIFIER = pdash.iosdecal.finalproj.ClickMore;
				PRODUCT_NAME = "$(TARGET_NAME)";
				SWIFT_VERSION = 3.0;
			};
			name = Debug;
		};
		168E0B1B1EB5BE0800A5982A /* Release */ = {
			isa = XCBuildConfiguration;
			buildSettings = {
				ASSETCATALOG_COMPILER_APPICON_NAME = AppIcon;
				INFOPLIST_FILE = ClickMore/Info.plist;
				LD_RUNPATH_SEARCH_PATHS = "$(inherited) @executable_path/Frameworks";
				PRODUCT_BUNDLE_IDENTIFIER = pdash.iosdecal.finalproj.ClickMore;
				PRODUCT_NAME = "$(TARGET_NAME)";
				SWIFT_VERSION = 3.0;
			};
			name = Release;
		};
/* End XCBuildConfiguration section */

/* Begin XCConfigurationList section */
		168E0B021EB5BE0700A5982A /* Build configuration list for PBXProject "ClickMore" */ = {
			isa = XCConfigurationList;
			buildConfigurations = (
				168E0B171EB5BE0800A5982A /* Debug */,
				168E0B181EB5BE0800A5982A /* Release */,
			);
			defaultConfigurationIsVisible = 0;
			defaultConfigurationName = Release;
		};
		168E0B191EB5BE0800A5982A /* Build configuration list for PBXNativeTarget "ClickMore" */ = {
			isa = XCConfigurationList;
			buildConfigurations = (
				168E0B1A1EB5BE0800A5982A /* Debug */,
				168E0B1B1EB5BE0800A5982A /* Release */,
			);
			defaultConfigurationIsVisible = 0;
			defaultConfigurationName = Release;
		};
/* End XCConfigurationList section */
	};
	rootObject = 168E0AFF1EB5BE0700A5982A /* Project object */;
}
